using NUnit.Framework;
using NUnit.Core;

namespace SeleniumTests
{
    public class UnitTestJavaScriptSelenium
    {
        [Suite] public static TestSuite Suite
        {
            get
            {
                TestSuite suite = new TestSuite("UnitTestJavaScriptSelenium");
                suite.Add(new Untitled());
                return suite;
            }
        }
    }
}
