
Microsoft Visual Studio Solution File, Format Version 12.00
# Visual Studio 15
VisualStudioVersion = 15.0.26403.7
MinimumVisualStudioVersion = 10.0.40219.1
Project("{FAE04EC0-301F-11D3-BF4B-00C04F79EFBC}") = "DataStorage.Android", "DataStorage\DataStorage.Android\DataStorage.Android.csproj", "{58F10CB0-33DE-4F4C-8820-2C04F55AAD7B}"
EndProject
Project("{FAE04EC0-301F-11D3-BF4B-00C04F79EFBC}") = "DataStorage", "DataStorage\DataStorage\DataStorage.csproj", "{62DD6285-41D8-4611-8FD6-D9E2DED6EB18}"
EndProject
Project("{FAE04EC0-301F-11D3-BF4B-00C04F79EFBC}") = "DataStorage.iOS", "DataStorage\DataStorage.iOS\DataStorage.iOS.csproj", "{72368639-3C29-43B3-920D-97FF4DC90BA6}"
EndProject
Global
	GlobalSection(SolutionConfigurationPlatforms) = preSolution
		Ad-Hoc|Any CPU = Ad-Hoc|Any CPU
		Ad-Hoc|iPhone = Ad-Hoc|iPhone
		Ad-Hoc|iPhoneSimulator = Ad-Hoc|iPhoneSimulator
		AppStore|Any CPU = AppStore|Any CPU
		AppStore|iPhone = AppStore|iPhone
		AppStore|iPhoneSimulator = AppStore|iPhoneSimulator
		Debug|Any CPU = Debug|Any CPU
		Debug|iPhone = Debug|iPhone
		Debug|iPhoneSimulator = Debug|iPhoneSimulator
		Release|Any CPU = Release|Any CPU
		Release|iPhone = Release|iPhone
		Release|iPhoneSimulator = Release|iPhoneSimulator
	EndGlobalSection
	GlobalSection(ProjectConfigurationPlatforms) = postSolution
		{58F10CB0-33DE-4F4C-8820-2C04F55AAD7B}.Ad-Hoc|Any CPU.ActiveCfg = Release|Any CPU
		{58F10CB0-33DE-4F4C-8820-2C04F55AAD7B}.Ad-Hoc|Any CPU.Build.0 = Release|Any CPU
		{58F10CB0-33DE-4F4C-8820-2C04F55AAD7B}.Ad-Hoc|Any CPU.Deploy.0 = Release|Any CPU
		{58F10CB0-33DE-4F4C-8820-2C04F55AAD7B}.Ad-Hoc|iPhone.ActiveCfg = Release|Any CPU
		{58F10CB0-33DE-4F4C-8820-2C04F55AAD7B}.Ad-Hoc|iPhone.Build.0 = Release|Any CPU
		{58F10CB0-33DE-4F4C-8820-2C04F55AAD7B}.Ad-Hoc|iPhone.Deploy.0 = Release|Any CPU
		{58F10CB0-33DE-4F4C-8820-2C04F55AAD7B}.Ad-Hoc|iPhoneSimulator.ActiveCfg = Release|Any CPU
		{58F10CB0-33DE-4F4C-8820-2C04F55AAD7B}.Ad-Hoc|iPhoneSimulator.Build.0 = Release|Any CPU
		{58F10CB0-33DE-4F4C-8820-2C04F55AAD7B}.Ad-Hoc|iPhoneSimulator.Deploy.0 = Release|Any CPU
		{58F10CB0-33DE-4F4C-8820-2C04F55AAD7B}.AppStore|Any CPU.ActiveCfg = Release|Any CPU
		{58F10CB0-33DE-4F4C-8820-2C04F55AAD7B}.AppStore|Any CPU.Build.0 = Release|Any CPU
		{58F10CB0-33DE-4F4C-8820-2C04F55AAD7B}.AppStore|Any CPU.Deploy.0 = Release|Any CPU
		{58F10CB0-33DE-4F4C-8820-2C04F55AAD7B}.AppStore|iPhone.ActiveCfg = Release|Any CPU
		{58F10CB0-33DE-4F4C-8820-2C04F55AAD7B}.AppStore|iPhone.Build.0 = Release|Any CPU
		{58F10CB0-33DE-4F4C-8820-2C04F55AAD7B}.AppStore|iPhone.Deploy.0 = Release|Any CPU
		{58F10CB0-33DE-4F4C-8820-2C04F55AAD7B}.AppStore|iPhoneSimulator.ActiveCfg = Release|Any CPU
		{58F10CB0-33DE-4F4C-8820-2C04F55AAD7B}.AppStore|iPhoneSimulator.Build.0 = Release|Any CPU
		{58F10CB0-33DE-4F4C-8820-2C04F55AAD7B}.AppStore|iPhoneSimulator.Deploy.0 = Release|Any CPU
		{58F10CB0-33DE-4F4C-8820-2C04F55AAD7B}.Debug|Any CPU.ActiveCfg = Debug|Any CPU
		{58F10CB0-33DE-4F4C-8820-2C04F55AAD7B}.Debug|Any CPU.Build.0 = Debug|Any CPU
		{58F10CB0-33DE-4F4C-8820-2C04F55AAD7B}.Debug|Any CPU.Deploy.0 = Debug|Any CPU
		{58F10CB0-33DE-4F4C-8820-2C04F55AAD7B}.Debug|iPhone.ActiveCfg = Debug|Any CPU
		{58F10CB0-33DE-4F4C-8820-2C04F55AAD7B}.Debug|iPhone.Build.0 = Debug|Any CPU
		{58F10CB0-33DE-4F4C-8820-2C04F55AAD7B}.Debug|iPhone.Deploy.0 = Debug|Any CPU
		{58F10CB0-33DE-4F4C-8820-2C04F55AAD7B}.Debug|iPhoneSimulator.ActiveCfg = Debug|Any CPU
		{58F10CB0-33DE-4F4C-8820-2C04F55AAD7B}.Debug|iPhoneSimulator.Build.0 = Debug|Any CPU
		{58F10CB0-33DE-4F4C-8820-2C04F55AAD7B}.Debug|iPhoneSimulator.Deploy.0 = Debug|Any CPU
		{58F10CB0-33DE-4F4C-8820-2C04F55AAD7B}.Release|Any CPU.ActiveCfg = Release|Any CPU
		{58F10CB0-33DE-4F4C-8820-2C04F55AAD7B}.Release|Any CPU.Build.0 = Release|Any CPU
		{58F10CB0-33DE-4F4C-8820-2C04F55AAD7B}.Release|Any CPU.Deploy.0 = Release|Any CPU
		{58F10CB0-33DE-4F4C-8820-2C04F55AAD7B}.Release|iPhone.ActiveCfg = Release|Any CPU
		{58F10CB0-33DE-4F4C-8820-2C04F55AAD7B}.Release|iPhone.Build.0 = Release|Any CPU
		{58F10CB0-33DE-4F4C-8820-2C04F55AAD7B}.Release|iPhone.Deploy.0 = Release|Any CPU
		{58F10CB0-33DE-4F4C-8820-2C04F55AAD7B}.Release|iPhoneSimulator.ActiveCfg = Release|Any CPU
		{58F10CB0-33DE-4F4C-8820-2C04F55AAD7B}.Release|iPhoneSimulator.Build.0 = Release|Any CPU
		{58F10CB0-33DE-4F4C-8820-2C04F55AAD7B}.Release|iPhoneSimulator.Deploy.0 = Release|Any CPU
		{62DD6285-41D8-4611-8FD6-D9E2DED6EB18}.Ad-Hoc|Any CPU.ActiveCfg = Release|Any CPU
		{62DD6285-41D8-4611-8FD6-D9E2DED6EB18}.Ad-Hoc|Any CPU.Build.0 = Release|Any CPU
		{62DD6285-41D8-4611-8FD6-D9E2DED6EB18}.Ad-Hoc|iPhone.ActiveCfg = Release|Any CPU
		{62DD6285-41D8-4611-8FD6-D9E2DED6EB18}.Ad-Hoc|iPhone.Build.0 = Release|Any CPU
		{62DD6285-41D8-4611-8FD6-D9E2DED6EB18}.Ad-Hoc|iPhoneSimulator.ActiveCfg = Release|Any CPU
		{62DD6285-41D8-4611-8FD6-D9E2DED6EB18}.Ad-Hoc|iPhoneSimulator.Build.0 = Release|Any CPU
		{62DD6285-41D8-4611-8FD6-D9E2DED6EB18}.AppStore|Any CPU.ActiveCfg = Release|Any CPU
		{62DD6285-41D8-4611-8FD6-D9E2DED6EB18}.AppStore|Any CPU.Build.0 = Release|Any CPU
		{62DD6285-41D8-4611-8FD6-D9E2DED6EB18}.AppStore|iPhone.ActiveCfg = Release|Any CPU
		{62DD6285-41D8-4611-8FD6-D9E2DED6EB18}.AppStore|iPhone.Build.0 = Release|Any CPU
		{62DD6285-41D8-4611-8FD6-D9E2DED6EB18}.AppStore|iPhoneSimulator.ActiveCfg = Release|Any CPU
		{62DD6285-41D8-4611-8FD6-D9E2DED6EB18}.AppStore|iPhoneSimulator.Build.0 = Release|Any CPU
		{62DD6285-41D8-4611-8FD6-D9E2DED6EB18}.Debug|Any CPU.ActiveCfg = Debug|Any CPU
		{62DD6285-41D8-4611-8FD6-D9E2DED6EB18}.Debug|Any CPU.Build.0 = Debug|Any CPU
		{62DD6285-41D8-4611-8FD6-D9E2DED6EB18}.Debug|iPhone.ActiveCfg = Debug|Any CPU
		{62DD6285-41D8-4611-8FD6-D9E2DED6EB18}.Debug|iPhone.Build.0 = Debug|Any CPU
		{62DD6285-41D8-4611-8FD6-D9E2DED6EB18}.Debug|iPhoneSimulator.ActiveCfg = Debug|Any CPU
		{62DD6285-41D8-4611-8FD6-D9E2DED6EB18}.Debug|iPhoneSimulator.Build.0 = Debug|Any CPU
		{62DD6285-41D8-4611-8FD6-D9E2DED6EB18}.Release|Any CPU.ActiveCfg = Release|Any CPU
		{62DD6285-41D8-4611-8FD6-D9E2DED6EB18}.Release|Any CPU.Build.0 = Release|Any CPU
		{62DD6285-41D8-4611-8FD6-D9E2DED6EB18}.Release|iPhone.ActiveCfg = Release|Any CPU
		{62DD6285-41D8-4611-8FD6-D9E2DED6EB18}.Release|iPhone.Build.0 = Release|Any CPU
		{62DD6285-41D8-4611-8FD6-D9E2DED6EB18}.Release|iPhoneSimulator.ActiveCfg = Release|Any CPU
		{62DD6285-41D8-4611-8FD6-D9E2DED6EB18}.Release|iPhoneSimulator.Build.0 = Release|Any CPU
		{72368639-3C29-43B3-920D-97FF4DC90BA6}.Ad-Hoc|Any CPU.ActiveCfg = Ad-Hoc|iPhone
		{72368639-3C29-43B3-920D-97FF4DC90BA6}.Ad-Hoc|iPhone.ActiveCfg = Ad-Hoc|iPhone
		{72368639-3C29-43B3-920D-97FF4DC90BA6}.Ad-Hoc|iPhone.Build.0 = Ad-Hoc|iPhone
		{72368639-3C29-43B3-920D-97FF4DC90BA6}.Ad-Hoc|iPhoneSimulator.ActiveCfg = Ad-Hoc|iPhoneSimulator
		{72368639-3C29-43B3-920D-97FF4DC90BA6}.Ad-Hoc|iPhoneSimulator.Build.0 = Ad-Hoc|iPhoneSimulator
		{72368639-3C29-43B3-920D-97FF4DC90BA6}.AppStore|Any CPU.ActiveCfg = AppStore|iPhone
		{72368639-3C29-43B3-920D-97FF4DC90BA6}.AppStore|iPhone.ActiveCfg = AppStore|iPhone
		{72368639-3C29-43B3-920D-97FF4DC90BA6}.AppStore|iPhone.Build.0 = AppStore|iPhone
		{72368639-3C29-43B3-920D-97FF4DC90BA6}.AppStore|iPhoneSimulator.ActiveCfg = AppStore|iPhoneSimulator
		{72368639-3C29-43B3-920D-97FF4DC90BA6}.AppStore|iPhoneSimulator.Build.0 = AppStore|iPhoneSimulator
		{72368639-3C29-43B3-920D-97FF4DC90BA6}.Debug|Any CPU.ActiveCfg = Debug|iPhone
		{72368639-3C29-43B3-920D-97FF4DC90BA6}.Debug|iPhone.ActiveCfg = Debug|iPhone
		{72368639-3C29-43B3-920D-97FF4DC90BA6}.Debug|iPhone.Build.0 = Debug|iPhone
		{72368639-3C29-43B3-920D-97FF4DC90BA6}.Debug|iPhoneSimulator.ActiveCfg = Debug|iPhoneSimulator
		{72368639-3C29-43B3-920D-97FF4DC90BA6}.Debug|iPhoneSimulator.Build.0 = Debug|iPhoneSimulator
		{72368639-3C29-43B3-920D-97FF4DC90BA6}.Release|Any CPU.ActiveCfg = Release|iPhone
		{72368639-3C29-43B3-920D-97FF4DC90BA6}.Release|iPhone.ActiveCfg = Release|iPhone
		{72368639-3C29-43B3-920D-97FF4DC90BA6}.Release|iPhone.Build.0 = Release|iPhone
		{72368639-3C29-43B3-920D-97FF4DC90BA6}.Release|iPhoneSimulator.ActiveCfg = Release|iPhoneSimulator
		{72368639-3C29-43B3-920D-97FF4DC90BA6}.Release|iPhoneSimulator.Build.0 = Release|iPhoneSimulator
	EndGlobalSection
	GlobalSection(SolutionProperties) = preSolution
		HideSolutionNode = FALSE
	EndGlobalSection
EndGlobal
