
Microsoft Visual Studio Solution File, Format Version 12.00
# Visual Studio 15
VisualStudioVersion = 15.0.26228.9
MinimumVisualStudioVersion = 10.0.40219.1
Project("{FAE04EC0-301F-11D3-BF4B-00C04F79EFBC}") = "ReflectionDemo", "ReflectionTest\ReflectionDemo.csproj", "{EBEACA29-CAEA-490C-BEF1-0CB4ACA8DB1B}"
EndProject
Project("{FAE04EC0-301F-11D3-BF4B-00C04F79EFBC}") = "FileDemo", "FileTest\FileDemo.csproj", "{8B455112-A5C8-4D5F-B31D-788F2CE3E172}"
EndProject
Project("{FAE04EC0-301F-11D3-BF4B-00C04F79EFBC}") = "StreamDemo", "StreamDemo\StreamDemo.csproj", "{5C6ACC86-8370-46E3-8080-52722FF1940D}"
EndProject
Project("{FAE04EC0-301F-11D3-BF4B-00C04F79EFBC}") = "LinqP2", "Lesson3\LinqP2.csproj", "{2A4E9FD0-2F9F-47FD-8561-65C2C92149AE}"
EndProject
Project("{FAE04EC0-301F-11D3-BF4B-00C04F79EFBC}") = "NEWLIBRARY", "..\NEWLIBRARY\NEWLIBRARY\NEWLIBRARY.csproj", "{59388BDD-074B-4EB9-B9D9-F2A8D8A74781}"
EndProject
Global
	GlobalSection(SolutionConfigurationPlatforms) = preSolution
		Debug|Any CPU = Debug|Any CPU
		Release|Any CPU = Release|Any CPU
	EndGlobalSection
	GlobalSection(ProjectConfigurationPlatforms) = postSolution
		{EBEACA29-CAEA-490C-BEF1-0CB4ACA8DB1B}.Debug|Any CPU.ActiveCfg = Debug|Any CPU
		{EBEACA29-CAEA-490C-BEF1-0CB4ACA8DB1B}.Debug|Any CPU.Build.0 = Debug|Any CPU
		{EBEACA29-CAEA-490C-BEF1-0CB4ACA8DB1B}.Release|Any CPU.ActiveCfg = Release|Any CPU
		{EBEACA29-CAEA-490C-BEF1-0CB4ACA8DB1B}.Release|Any CPU.Build.0 = Release|Any CPU
		{8B455112-A5C8-4D5F-B31D-788F2CE3E172}.Debug|Any CPU.ActiveCfg = Debug|Any CPU
		{8B455112-A5C8-4D5F-B31D-788F2CE3E172}.Debug|Any CPU.Build.0 = Debug|Any CPU
		{8B455112-A5C8-4D5F-B31D-788F2CE3E172}.Release|Any CPU.ActiveCfg = Release|Any CPU
		{8B455112-A5C8-4D5F-B31D-788F2CE3E172}.Release|Any CPU.Build.0 = Release|Any CPU
		{5C6ACC86-8370-46E3-8080-52722FF1940D}.Debug|Any CPU.ActiveCfg = Debug|Any CPU
		{5C6ACC86-8370-46E3-8080-52722FF1940D}.Debug|Any CPU.Build.0 = Debug|Any CPU
		{5C6ACC86-8370-46E3-8080-52722FF1940D}.Release|Any CPU.ActiveCfg = Release|Any CPU
		{5C6ACC86-8370-46E3-8080-52722FF1940D}.Release|Any CPU.Build.0 = Release|Any CPU
		{2A4E9FD0-2F9F-47FD-8561-65C2C92149AE}.Debug|Any CPU.ActiveCfg = Debug|Any CPU
		{2A4E9FD0-2F9F-47FD-8561-65C2C92149AE}.Debug|Any CPU.Build.0 = Debug|Any CPU
		{2A4E9FD0-2F9F-47FD-8561-65C2C92149AE}.Release|Any CPU.ActiveCfg = Release|Any CPU
		{2A4E9FD0-2F9F-47FD-8561-65C2C92149AE}.Release|Any CPU.Build.0 = Release|Any CPU
		{59388BDD-074B-4EB9-B9D9-F2A8D8A74781}.Debug|Any CPU.ActiveCfg = Debug|Any CPU
		{59388BDD-074B-4EB9-B9D9-F2A8D8A74781}.Debug|Any CPU.Build.0 = Debug|Any CPU
		{59388BDD-074B-4EB9-B9D9-F2A8D8A74781}.Release|Any CPU.ActiveCfg = Release|Any CPU
		{59388BDD-074B-4EB9-B9D9-F2A8D8A74781}.Release|Any CPU.Build.0 = Release|Any CPU
	EndGlobalSection
	GlobalSection(SolutionProperties) = preSolution
		HideSolutionNode = FALSE
	EndGlobalSection
EndGlobal
